
Microsoft Visual Studio Solution File, Format Version 12.00
# Visual Studio Version 17
VisualStudioVersion = 17.0.31612.314
MinimumVisualStudioVersion = 10.0.40219.1
Project("{9A19103F-16F7-4668-BE54-9A1E7A4F7556}") = "App", "App\App.csproj", "{B28214A5-7D03-497F-B554-3EF28A760812}"
EndProject
Project("{9A19103F-16F7-4668-BE54-9A1E7A4F7556}") = "Tests", "Tests\Tests.csproj", "{FC1000F0-C9CA-4CA9-8459-485FAD89CCE6}"
EndProject
Project("{9A19103F-16F7-4668-BE54-9A1E7A4F7556}") = "Lib", "Lib\Lib.csproj", "{DF5FA3FB-E480-488E-B0E7-2BC1786E07C8}"
EndProject
Global
	GlobalSection(SolutionConfigurationPlatforms) = preSolution
		Debug|Any CPU = Debug|Any CPU
		Release|Any CPU = Release|Any CPU
	EndGlobalSection
	GlobalSection(ProjectConfigurationPlatforms) = postSolution
		{B28214A5-7D03-497F-B554-3EF28A760812}.Debug|Any CPU.ActiveCfg = Debug|Any CPU
		{B28214A5-7D03-497F-B554-3EF28A760812}.Debug|Any CPU.Build.0 = Debug|Any CPU
		{B28214A5-7D03-497F-B554-3EF28A760812}.Release|Any CPU.ActiveCfg = Release|Any CPU
		{B28214A5-7D03-497F-B554-3EF28A760812}.Release|Any CPU.Build.0 = Release|Any CPU
		{FC1000F0-C9CA-4CA9-8459-485FAD89CCE6}.Debug|Any CPU.ActiveCfg = Debug|Any CPU
		{FC1000F0-C9CA-4CA9-8459-485FAD89CCE6}.Debug|Any CPU.Build.0 = Debug|Any CPU
		{FC1000F0-C9CA-4CA9-8459-485FAD89CCE6}.Release|Any CPU.ActiveCfg = Release|Any CPU
		{FC1000F0-C9CA-4CA9-8459-485FAD89CCE6}.Release|Any CPU.Build.0 = Release|Any CPU
		{DF5FA3FB-E480-488E-B0E7-2BC1786E07C8}.Debug|Any CPU.ActiveCfg = Debug|Any CPU
		{DF5FA3FB-E480-488E-B0E7-2BC1786E07C8}.Debug|Any CPU.Build.0 = Debug|Any CPU
		{DF5FA3FB-E480-488E-B0E7-2BC1786E07C8}.Release|Any CPU.ActiveCfg = Release|Any CPU
		{DF5FA3FB-E480-488E-B0E7-2BC1786E07C8}.Release|Any CPU.Build.0 = Release|Any CPU
	EndGlobalSection
	GlobalSection(SolutionProperties) = preSolution
		HideSolutionNode = FALSE
	EndGlobalSection
	GlobalSection(ExtensibilityGlobals) = postSolution
		SolutionGuid = {CDB69403-D6D0-4269-A0E3-8FD4796E2E24}
	EndGlobalSection
EndGlobal
